// !$*UTF8*$!
{
	archiveVersion = 1;
	classes = {
	};
	objectVersion = 46;
	objects = {

/* Begin PBXBuildFile section */
		B8A34C331DBA4BB60019382D /* main.m in Sources */ = {isa = PBXBuildFile; fileRef = B8A34C321DBA4BB60019382D /* main.m */; };
		B8A34C361DBA4BB60019382D /* AppDelegate.m in Sources */ = {isa = PBXBuildFile; fileRef = B8A34C351DBA4BB60019382D /* AppDelegate.m */; };
		B8A34C391DBA4BB60019382D /* ViewController.m in Sources */ = {isa = PBXBuildFile; fileRef = B8A34C381DBA4BB60019382D /* ViewController.m */; };
		B8A34C3C1DBA4BB60019382D /* Main.storyboard in Resources */ = {isa = PBXBuildFile; fileRef = B8A34C3A1DBA4BB60019382D /* Main.storyboard */; };
		B8A34C3E1DBA4BB60019382D /* Assets.xcassets in Resources */ = {isa = PBXBuildFile; fileRef = B8A34C3D1DBA4BB60019382D /* Assets.xcassets */; };
		B8A34C411DBA4BB60019382D /* LaunchScreen.storyboard in Resources */ = {isa = PBXBuildFile; fileRef = B8A34C3F1DBA4BB60019382D /* LaunchScreen.storyboard */; };
		B8A34C4C1DBA4BB70019382D /* YFPageViewTests.m in Sources */ = {isa = PBXBuildFile; fileRef = B8A34C4B1DBA4BB70019382D /* YFPageViewTests.m */; };
		B8A34C571DBA4BB70019382D /* YFPageViewUITests.m in Sources */ = {isa = PBXBuildFile; fileRef = B8A34C561DBA4BB70019382D /* YFPageViewUITests.m */; };
/* End PBXBuildFile section */

/* Begin PBXContainerItemProxy section */
		B8A34C481DBA4BB70019382D /* PBXContainerItemProxy */ = {
			isa = PBXContainerItemProxy;
			containerPortal = B8A34C261DBA4BB60019382D /* Project object */;
			proxyType = 1;
			remoteGlobalIDString = B8A34C2D1DBA4BB60019382D;
			remoteInfo = YFPageView;
		};
		B8A34C531DBA4BB70019382D /* PBXContainerItemProxy */ = {
			isa = PBXContainerItemProxy;
			containerPortal = B8A34C261DBA4BB60019382D /* Project object */;
			proxyType = 1;
			remoteGlobalIDString = B8A34C2D1DBA4BB60019382D;
			remoteInfo = YFPageView;
		};
/* End PBXContainerItemProxy section */

/* Begin PBXFileReference section */
		B8A34C2E1DBA4BB60019382D /* YFPageView.app */ = {isa = PBXFileReference; explicitFileType = wrapper.application; includeInIndex = 0; path = YFPageView.app; sourceTree = BUILT_PRODUCTS_DIR; };
		B8A34C321DBA4BB60019382D /* main.m */ = {isa = PBXFileReference; lastKnownFileType = sourcecode.c.objc; path = main.m; sourceTree = "<group>"; };
		B8A34C341DBA4BB60019382D /* AppDelegate.h */ = {isa = PBXFileReference; lastKnownFileType = sourcecode.c.h; path = AppDelegate.h; sourceTree = "<group>"; };
		B8A34C351DBA4BB60019382D /* AppDelegate.m */ = {isa = PBXFileReference; lastKnownFileType = sourcecode.c.objc; path = AppDelegate.m; sourceTree = "<group>"; };
		B8A34C371DBA4BB60019382D /* ViewController.h */ = {isa = PBXFileReference; lastKnownFileType = sourcecode.c.h; path = ViewController.h; sourceTree = "<group>"; };
		B8A34C381DBA4BB60019382D /* ViewController.m */ = {isa = PBXFileReference; lastKnownFileType = sourcecode.c.objc; path = ViewController.m; sourceTree = "<group>"; };
		B8A34C3B1DBA4BB60019382D /* Base */ = {isa = PBXFileReference; lastKnownFileType = file.storyboard; name = Base; path = Base.lproj/Main.storyboard; sourceTree = "<group>"; };
		B8A34C3D1DBA4BB60019382D /* Assets.xcassets */ = {isa = PBXFileReference; lastKnownFileType = folder.assetcatalog; path = Assets.xcassets; sourceTree = "<group>"; };
		B8A34C401DBA4BB60019382D /* Base */ = {isa = PBXFileReference; lastKnownFileType = file.storyboard; name = Base; path = Base.lproj/LaunchScreen.storyboard; sourceTree = "<group>"; };
		B8A34C421DBA4BB70019382D /* Info.plist */ = {isa = PBXFileReference; lastKnownFileType = text.plist.xml; path = Info.plist; sourceTree = "<group>"; };
		B8A34C471DBA4BB70019382D /* YFPageViewTests.xctest */ = {isa = PBXFileReference; explicitFileType = wrapper.cfbundle; includeInIndex = 0; path = YFPageViewTests.xctest; sourceTree = BUILT_PRODUCTS_DIR; };
		B8A34C4B1DBA4BB70019382D /* YFPageViewTests.m */ = {isa = PBXFileReference; lastKnownFileType = sourcecode.c.objc; path = YFPageViewTests.m; sourceTree = "<group>"; };
		B8A34C4D1DBA4BB70019382D /* Info.plist */ = {isa = PBXFileReference; lastKnownFileType = text.plist.xml; path = Info.plist; sourceTree = "<group>"; };
		B8A34C521DBA4BB70019382D /* YFPageViewUITests.xctest */ = {isa = PBXFileReference; explicitFileType = wrapper.cfbundle; includeInIndex = 0; path = YFPageViewUITests.xctest; sourceTree = BUILT_PRODUCTS_DIR; };
		B8A34C561DBA4BB70019382D /* YFPageViewUITests.m */ = {isa = PBXFileReference; lastKnownFileType = sourcecode.c.objc; path = YFPageViewUITests.m; sourceTree = "<group>"; };
		B8A34C581DBA4BB70019382D /* Info.plist */ = {isa = PBXFileReference; lastKnownFileType = text.plist.xml; path = Info.plist; sourceTree = "<group>"; };
/* End PBXFileReference section */

/* Begin PBXFrameworksBuildPhase section */
		B8A34C2B1DBA4BB60019382D /* Frameworks */ = {
			isa = PBXFrameworksBuildPhase;
			buildActionMask = 2147483647;
			files = (
			);
			runOnlyForDeploymentPostprocessing = 0;
		};
		B8A34C441DBA4BB70019382D /* Frameworks */ = {
			isa = PBXFrameworksBuildPhase;
			buildActionMask = 2147483647;
			files = (
			);
			runOnlyForDeploymentPostprocessing = 0;
		};
		B8A34C4F1DBA4BB70019382D /* Frameworks */ = {
			isa = PBXFrameworksBuildPhase;
			buildActionMask = 2147483647;
			files = (
			);
			runOnlyForDeploymentPostprocessing = 0;
		};
/* End PBXFrameworksBuildPhase section */

/* Begin PBXGroup section */
		B8A34C251DBA4BB60019382D = {
			isa = PBXGroup;
			children = (
				B8A34C301DBA4BB60019382D /* YFPageView */,
				B8A34C4A1DBA4BB70019382D /* YFPageViewTests */,
				B8A34C551DBA4BB70019382D /* YFPageViewUITests */,
				B8A34C2F1DBA4BB60019382D /* Products */,
			);
			sourceTree = "<group>";
		};
		B8A34C2F1DBA4BB60019382D /* Products */ = {
			isa = PBXGroup;
			children = (
				B8A34C2E1DBA4BB60019382D /* YFPageView.app */,
				B8A34C471DBA4BB70019382D /* YFPageViewTests.xctest */,
				B8A34C521DBA4BB70019382D /* YFPageViewUITests.xctest */,
			);
			name = Products;
			sourceTree = "<group>";
		};
		B8A34C301DBA4BB60019382D /* YFPageView */ = {
			isa = PBXGroup;
			children = (
				B8A34C341DBA4BB60019382D /* AppDelegate.h */,
				B8A34C351DBA4BB60019382D /* AppDelegate.m */,
				B8A34C371DBA4BB60019382D /* ViewController.h */,
				B8A34C381DBA4BB60019382D /* ViewController.m */,
				B8A34C3A1DBA4BB60019382D /* Main.storyboard */,
				B8A34C3D1DBA4BB60019382D /* Assets.xcassets */,
				B8A34C3F1DBA4BB60019382D /* LaunchScreen.storyboard */,
				B8A34C421DBA4BB70019382D /* Info.plist */,
				B8A34C311DBA4BB60019382D /* Supporting Files */,
			);
			path = YFPageView;
			sourceTree = "<group>";
		};
		B8A34C311DBA4BB60019382D /* Supporting Files */ = {
			isa = PBXGroup;
			children = (
				B8A34C321DBA4BB60019382D /* main.m */,
			);
			name = "Supporting Files";
			sourceTree = "<group>";
		};
		B8A34C4A1DBA4BB70019382D /* YFPageViewTests */ = {
			isa = PBXGroup;
			children = (
				B8A34C4B1DBA4BB70019382D /* YFPageViewTests.m */,
				B8A34C4D1DBA4BB70019382D /* Info.plist */,
			);
			path = YFPageViewTests;
			sourceTree = "<group>";
		};
		B8A34C551DBA4BB70019382D /* YFPageViewUITests */ = {
			isa = PBXGroup;
			children = (
				B8A34C561DBA4BB70019382D /* YFPageViewUITests.m */,
				B8A34C581DBA4BB70019382D /* Info.plist */,
			);
			path = YFPageViewUITests;
			sourceTree = "<group>";
		};
/* End PBXGroup section */

/* Begin PBXNativeTarget section */
		B8A34C2D1DBA4BB60019382D /* YFPageView */ = {
			isa = PBXNativeTarget;
			buildConfigurationList = B8A34C5B1DBA4BB70019382D /* Build configuration list for PBXNativeTarget "YFPageView" */;
			buildPhases = (
				B8A34C2A1DBA4BB60019382D /* Sources */,
				B8A34C2B1DBA4BB60019382D /* Frameworks */,
				B8A34C2C1DBA4BB60019382D /* Resources */,
			);
			buildRules = (
			);
			dependencies = (
			);
			name = YFPageView;
			productName = YFPageView;
			productReference = B8A34C2E1DBA4BB60019382D /* YFPageView.app */;
			productType = "com.apple.product-type.application";
		};
		B8A34C461DBA4BB70019382D /* YFPageViewTests */ = {
			isa = PBXNativeTarget;
			buildConfigurationList = B8A34C5E1DBA4BB70019382D /* Build configuration list for PBXNativeTarget "YFPageViewTests" */;
			buildPhases = (
				B8A34C431DBA4BB70019382D /* Sources */,
				B8A34C441DBA4BB70019382D /* Frameworks */,
				B8A34C451DBA4BB70019382D /* Resources */,
			);
			buildRules = (
			);
			dependencies = (
				B8A34C491DBA4BB70019382D /* PBXTargetDependency */,
			);
			name = YFPageViewTests;
			productName = YFPageViewTests;
			productReference = B8A34C471DBA4BB70019382D /* YFPageViewTests.xctest */;
			productType = "com.apple.product-type.bundle.unit-test";
		};
		B8A34C511DBA4BB70019382D /* YFPageViewUITests */ = {
			isa = PBXNativeTarget;
			buildConfigurationList = B8A34C611DBA4BB70019382D /* Build configuration list for PBXNativeTarget "YFPageViewUITests" */;
			buildPhases = (
				B8A34C4E1DBA4BB70019382D /* Sources */,
				B8A34C4F1DBA4BB70019382D /* Frameworks */,
				B8A34C501DBA4BB70019382D /* Resources */,
			);
			buildRules = (
			);
			dependencies = (
				B8A34C541DBA4BB70019382D /* PBXTargetDependency */,
			);
			name = YFPageViewUITests;
			productName = YFPageViewUITests;
			productReference = B8A34C521DBA4BB70019382D /* YFPageViewUITests.xctest */;
			productType = "com.apple.product-type.bundle.ui-testing";
		};
/* End PBXNativeTarget section */

/* Begin PBXProject section */
		B8A34C261DBA4BB60019382D /* Project object */ = {
			isa = PBXProject;
			attributes = {
				LastUpgradeCheck = 0710;
				ORGANIZATIONNAME = YF;
				TargetAttributes = {
					B8A34C2D1DBA4BB60019382D = {
						CreatedOnToolsVersion = 7.1;
					};
					B8A34C461DBA4BB70019382D = {
						CreatedOnToolsVersion = 7.1;
						TestTargetID = B8A34C2D1DBA4BB60019382D;
					};
					B8A34C511DBA4BB70019382D = {
						CreatedOnToolsVersion = 7.1;
						TestTargetID = B8A34C2D1DBA4BB60019382D;
					};
				};
			};
			buildConfigurationList = B8A34C291DBA4BB60019382D /* Build configuration list for PBXProject "YFPageView" */;
			compatibilityVersion = "Xcode 3.2";
			developmentRegion = English;
			hasScannedForEncodings = 0;
			knownRegions = (
				en,
				Base,
			);
			mainGroup = B8A34C251DBA4BB60019382D;
			productRefGroup = B8A34C2F1DBA4BB60019382D /* Products */;
			projectDirPath = "";
			projectRoot = "";
			targets = (
				B8A34C2D1DBA4BB60019382D /* YFPageView */,
				B8A34C461DBA4BB70019382D /* YFPageViewTests */,
				B8A34C511DBA4BB70019382D /* YFPageViewUITests */,
			);
		};
/* End PBXProject section */

/* Begin PBXResourcesBuildPhase section */
		B8A34C2C1DBA4BB60019382D /* Resources */ = {
			isa = PBXResourcesBuildPhase;
			buildActionMask = 2147483647;
			files = (
				B8A34C411DBA4BB60019382D /* LaunchScreen.storyboard in Resources */,
				B8A34C3E1DBA4BB60019382D /* Assets.xcassets in Resources */,
				B8A34C3C1DBA4BB60019382D /* Main.storyboard in Resources */,
			);
			runOnlyForDeploymentPostprocessing = 0;
		};
		B8A34C451DBA4BB70019382D /* Resources */ = {
			isa = PBXResourcesBuildPhase;
			buildActionMask = 2147483647;
			files = (
			);
			runOnlyForDeploymentPostprocessing = 0;
		};
		B8A34C501DBA4BB70019382D /* Resources */ = {
			isa = PBXResourcesBuildPhase;
			buildActionMask = 2147483647;
			files = (
			);
			runOnlyForDeploymentPostprocessing = 0;
		};
/* End PBXResourcesBuildPhase section */

/* Begin PBXSourcesBuildPhase section */
		B8A34C2A1DBA4BB60019382D /* Sources */ = {
			isa = PBXSourcesBuildPhase;
			buildActionMask = 2147483647;
			files = (
				B8A34C391DBA4BB60019382D /* ViewController.m in Sources */,
				B8A34C361DBA4BB60019382D /* AppDelegate.m in Sources */,
				B8A34C331DBA4BB60019382D /* main.m in Sources */,
			);
			runOnlyForDeploymentPostprocessing = 0;
		};
		B8A34C431DBA4BB70019382D /* Sources */ = {
			isa = PBXSourcesBuildPhase;
			buildActionMask = 2147483647;
			files = (
				B8A34C4C1DBA4BB70019382D /* YFPageViewTests.m in Sources */,
			);
			runOnlyForDeploymentPostprocessing = 0;
		};
		B8A34C4E1DBA4BB70019382D /* Sources */ = {
			isa = PBXSourcesBuildPhase;
			buildActionMask = 2147483647;
			files = (
				B8A34C571DBA4BB70019382D /* YFPageViewUITests.m in Sources */,
			);
			runOnlyForDeploymentPostprocessing = 0;
		};
/* End PBXSourcesBuildPhase section */

/* Begin PBXTargetDependency section */
		B8A34C491DBA4BB70019382D /* PBXTargetDependency */ = {
			isa = PBXTargetDependency;
			target = B8A34C2D1DBA4BB60019382D /* YFPageView */;
			targetProxy = B8A34C481DBA4BB70019382D /* PBXContainerItemProxy */;
		};
		B8A34C541DBA4BB70019382D /* PBXTargetDependency */ = {
			isa = PBXTargetDependency;
			target = B8A34C2D1DBA4BB60019382D /* YFPageView */;
			targetProxy = B8A34C531DBA4BB70019382D /* PBXContainerItemProxy */;
		};
/* End PBXTargetDependency section */

/* Begin PBXVariantGroup section */
		B8A34C3A1DBA4BB60019382D /* Main.storyboard */ = {
			isa = PBXVariantGroup;
			children = (
				B8A34C3B1DBA4BB60019382D /* Base */,
			);
			name = Main.storyboard;
			sourceTree = "<group>";
		};
		B8A34C3F1DBA4BB60019382D /* LaunchScreen.storyboard */ = {
			isa = PBXVariantGroup;
			children = (
				B8A34C401DBA4BB60019382D /* Base */,
			);
			name = LaunchScreen.storyboard;
			sourceTree = "<group>";
		};
/* End PBXVariantGroup section */

/* Begin XCBuildConfiguration section */
		B8A34C591DBA4BB70019382D /* Debug */ = {
			isa = XCBuildConfiguration;
			buildSettings = {
				ALWAYS_SEARCH_USER_PATHS = NO;
				CLANG_CXX_LANGUAGE_STANDARD = "gnu++0x";
				CLANG_CXX_LIBRARY = "libc++";
				CLANG_ENABLE_MODULES = YES;
				CLANG_ENABLE_OBJC_ARC = YES;
				CLANG_WARN_BOOL_CONVERSION = YES;
				CLANG_WARN_CONSTANT_CONVERSION = YES;
				CLANG_WARN_DIRECT_OBJC_ISA_USAGE = YES_ERROR;
				CLANG_WARN_EMPTY_BODY = YES;
				CLANG_WARN_ENUM_CONVERSION = YES;
				CLANG_WARN_INT_CONVERSION = YES;
				CLANG_WARN_OBJC_ROOT_CLASS = YES_ERROR;
				CLANG_WARN_UNREACHABLE_CODE = YES;
				CLANG_WARN__DUPLICATE_METHOD_MATCH = YES;
				"CODE_SIGN_IDENTITY[sdk=iphoneos*]" = "iPhone Developer";
				COPY_PHASE_STRIP = NO;
				DEBUG_INFORMATION_FORMAT = dwarf;
				ENABLE_STRICT_OBJC_MSGSEND = YES;
				ENABLE_TESTABILITY = YES;
				GCC_C_LANGUAGE_STANDARD = gnu99;
				GCC_DYNAMIC_NO_PIC = NO;
				GCC_NO_COMMON_BLOCKS = YES;
				GCC_OPTIMIZATION_LEVEL = 0;
				GCC_PREPROCESSOR_DEFINITIONS = (
					"DEBUG=1",
					"$(inherited)",
				);
				GCC_WARN_64_TO_32_BIT_CONVERSION = YES;
				GCC_WARN_ABOUT_RETURN_TYPE = YES_ERROR;
				GCC_WARN_UNDECLARED_SELECTOR = YES;
				GCC_WARN_UNINITIALIZED_AUTOS = YES_AGGRESSIVE;
				GCC_WARN_UNUSED_FUNCTION = YES;
				GCC_WARN_UNUSED_VARIABLE = YES;
				IPHONEOS_DEPLOYMENT_TARGET = 9.1;
				MTL_ENABLE_DEBUG_INFO = YES;
				ONLY_ACTIVE_ARCH = YES;
				SDKROOT = iphoneos;
			};
			name = Debug;
		};
		B8A34C5A1DBA4BB70019382D /* Release */ = {
			isa = XCBuildConfiguration;
			buildSettings = {
				ALWAYS_SEARCH_USER_PATHS = NO;
				CLANG_CXX_LANGUAGE_STANDARD = "gnu++0x";
				CLANG_CXX_LIBRARY = "libc++";
				CLANG_ENABLE_MODULES = YES;
				CLANG_ENABLE_OBJC_ARC = YES;
				CLANG_WARN_BOOL_CONVERSION = YES;
				CLANG_WARN_CONSTANT_CONVERSION = YES;
				CLANG_WARN_DIRECT_OBJC_ISA_USAGE = YES_ERROR;
				CLANG_WARN_EMPTY_BODY = YES;
				CLANG_WARN_ENUM_CONVERSION = YES;
				CLANG_WARN_INT_CONVERSION = YES;
				CLANG_WARN_OBJC_ROOT_CLASS = YES_ERROR;
				CLANG_WARN_UNREACHABLE_CODE = YES;
				CLANG_WARN__DUPLICATE_METHOD_MATCH = YES;
				"CODE_SIGN_IDENTITY[sdk=iphoneos*]" = "iPhone Developer";
				COPY_PHASE_STRIP = NO;
				DEBUG_INFORMATION_FORMAT = "dwarf-with-dsym";
				ENABLE_NS_ASSERTIONS = NO;
				ENABLE_STRICT_OBJC_MSGSEND = YES;
				GCC_C_LANGUAGE_STANDARD = gnu99;
				GCC_NO_COMMON_BLOCKS = YES;
				GCC_WARN_64_TO_32_BIT_CONVERSION = YES;
				GCC_WARN_ABOUT_RETURN_TYPE = YES_ERROR;
				GCC_WARN_UNDECLARED_SELECTOR = YES;
				GCC_WARN_UNINITIALIZED_AUTOS = YES_AGGRESSIVE;
				GCC_WARN_UNUSED_FUNCTION = YES;
				GCC_WARN_UNUSED_VARIABLE = YES;
				IPHONEOS_DEPLOYMENT_TARGET = 9.1;
				MTL_ENABLE_DEBUG_INFO = NO;
				SDKROOT = iphoneos;
				VALIDATE_PRODUCT = YES;
			};
			name = Release;
		};
		B8A34C5C1DBA4BB70019382D /* Debug */ = {
			isa = XCBuildConfiguration;
			buildSettings = {
				ASSETCATALOG_COMPILER_APPICON_NAME = AppIcon;
				INFOPLIST_FILE = YFPageView/Info.plist;
				LD_RUNPATH_SEARCH_PATHS = "$(inherited) @executable_path/Frameworks";
				PRODUCT_BUNDLE_IDENTIFIER = yangfan.YFPageView;
				PRODUCT_NAME = "$(TARGET_NAME)";
			};
			name = Debug;
		};
		B8A34C5D1DBA4BB70019382D /* Release */ = {
			isa = XCBuildConfiguration;
			buildSettings = {
				ASSETCATALOG_COMPILER_APPICON_NAME = AppIcon;
				INFOPLIST_FILE = YFPageView/Info.plist;
				LD_RUNPATH_SEARCH_PATHS = "$(inherited) @executable_path/Frameworks";
				PRODUCT_BUNDLE_IDENTIFIER = yangfan.YFPageView;
				PRODUCT_NAME = "$(TARGET_NAME)";
			};
			name = Release;
		};
		B8A34C5F1DBA4BB70019382D /* Debug */ = {
			isa = XCBuildConfiguration;
			buildSettings = {
				BUNDLE_LOADER = "$(TEST_HOST)";
				INFOPLIST_FILE = YFPageViewTests/Info.plist;
				LD_RUNPATH_SEARCH_PATHS = "$(inherited) @executable_path/Frameworks @loader_path/Frameworks";
				PRODUCT_BUNDLE_IDENTIFIER = yangfan.YFPageViewTests;
				PRODUCT_NAME = "$(TARGET_NAME)";
				TEST_HOST = "$(BUILT_PRODUCTS_DIR)/YFPageView.app/YFPageView";
			};
			name = Debug;
		};
		B8A34C601DBA4BB70019382D /* Release */ = {
			isa = XCBuildConfiguration;
			buildSettings = {
				BUNDLE_LOADER = "$(TEST_HOST)";
				INFOPLIST_FILE = YFPageViewTests/Info.plist;
				LD_RUNPATH_SEARCH_PATHS = "$(inherited) @executable_path/Frameworks @loader_path/Frameworks";
				PRODUCT_BUNDLE_IDENTIFIER = yangfan.YFPageViewTests;
				PRODUCT_NAME = "$(TARGET_NAME)";
				TEST_HOST = "$(BUILT_PRODUCTS_DIR)/YFPageView.app/YFPageView";
			};
			name = Release;
		};
		B8A34C621DBA4BB70019382D /* Debug */ = {
			isa = XCBuildConfiguration;
			buildSettings = {
				INFOPLIST_FILE = YFPageViewUITests/Info.plist;
				LD_RUNPATH_SEARCH_PATHS = "$(inherited) @executable_path/Frameworks @loader_path/Frameworks";
				PRODUCT_BUNDLE_IDENTIFIER = yangfan.YFPageViewUITests;
				PRODUCT_NAME = "$(TARGET_NAME)";
				TEST_TARGET_NAME = YFPageView;
				USES_XCTRUNNER = YES;
			};
			name = Debug;
		};
		B8A34C631DBA4BB70019382D /* Release */ = {
			isa = XCBuildConfiguration;
			buildSettings = {
				INFOPLIST_FILE = YFPageViewUITests/Info.plist;
				LD_RUNPATH_SEARCH_PATHS = "$(inherited) @executable_path/Frameworks @loader_path/Frameworks";
				PRODUCT_BUNDLE_IDENTIFIER = yangfan.YFPageViewUITests;
				PRODUCT_NAME = "$(TARGET_NAME)";
				TEST_TARGET_NAME = YFPageView;
				USES_XCTRUNNER = YES;
			};
			name = Release;
		};
/* End XCBuildConfiguration section */

/* Begin XCConfigurationList section */
		B8A34C291DBA4BB60019382D /* Build configuration list for PBXProject "YFPageView" */ = {
			isa = XCConfigurationList;
			buildConfigurations = (
				B8A34C591DBA4BB70019382D /* Debug */,
				B8A34C5A1DBA4BB70019382D /* Release */,
			);
			defaultConfigurationIsVisible = 0;
			defaultConfigurationName = Release;
		};
		B8A34C5B1DBA4BB70019382D /* Build configuration list for PBXNativeTarget "YFPageView" */ = {
			isa = XCConfigurationList;
			buildConfigurations = (
				B8A34C5C1DBA4BB70019382D /* Debug */,
				B8A34C5D1DBA4BB70019382D /* Release */,
			);
			defaultConfigurationIsVisible = 0;
		};
		B8A34C5E1DBA4BB70019382D /* Build configuration list for PBXNativeTarget "YFPageViewTests" */ = {
			isa = XCConfigurationList;
			buildConfigurations = (
				B8A34C5F1DBA4BB70019382D /* Debug */,
				B8A34C601DBA4BB70019382D /* Release */,
			);
			defaultConfigurationIsVisible = 0;
		};
		B8A34C611DBA4BB70019382D /* Build configuration list for PBXNativeTarget "YFPageViewUITests" */ = {
			isa = XCConfigurationList;
			buildConfigurations = (
				B8A34C621DBA4BB70019382D /* Debug */,
				B8A34C631DBA4BB70019382D /* Release */,
			);
			defaultConfigurationIsVisible = 0;
		};
/* End XCConfigurationList section */
	};
	rootObject = B8A34C261DBA4BB60019382D /* Project object */;
}
